
Microsoft Visual Studio Solution File, Format Version 12.00
# Visual Studio 2013
VisualStudioVersion = 12.0.31101.0
MinimumVisualStudioVersion = 10.0.40219.1
Project("{FAE04EC0-301F-11D3-BF4B-00C04F79EFBC}") = "Public字段+ShowDialog", "窗体间传值\Public字段+ShowDialog.csproj", "{2705419E-7E04-4759-BE41-6A4944387A0A}"
EndProject
Project("{FAE04EC0-301F-11D3-BF4B-00C04F79EFBC}") = "公共类的静态字段", "公共类的静态字段\公共类的静态字段.csproj", "{51BCCFB2-B695-4F04-985E-ED7E5E05AC9C}"
EndProject
Project("{FAE04EC0-301F-11D3-BF4B-00C04F79EFBC}") = "构造函数+委托", "构造函数+委托\构造函数+委托.csproj", "{C0D77BD4-9443-4496-BF39-42B11C059172}"
EndProject
Global
	GlobalSection(SolutionConfigurationPlatforms) = preSolution
		Debug|Any CPU = Debug|Any CPU
		Release|Any CPU = Release|Any CPU
	EndGlobalSection
	GlobalSection(ProjectConfigurationPlatforms) = postSolution
		{2705419E-7E04-4759-BE41-6A4944387A0A}.Debug|Any CPU.ActiveCfg = Debug|Any CPU
		{2705419E-7E04-4759-BE41-6A4944387A0A}.Debug|Any CPU.Build.0 = Debug|Any CPU
		{2705419E-7E04-4759-BE41-6A4944387A0A}.Release|Any CPU.ActiveCfg = Release|Any CPU
		{2705419E-7E04-4759-BE41-6A4944387A0A}.Release|Any CPU.Build.0 = Release|Any CPU
		{51BCCFB2-B695-4F04-985E-ED7E5E05AC9C}.Debug|Any CPU.ActiveCfg = Debug|Any CPU
		{51BCCFB2-B695-4F04-985E-ED7E5E05AC9C}.Debug|Any CPU.Build.0 = Debug|Any CPU
		{51BCCFB2-B695-4F04-985E-ED7E5E05AC9C}.Release|Any CPU.ActiveCfg = Release|Any CPU
		{51BCCFB2-B695-4F04-985E-ED7E5E05AC9C}.Release|Any CPU.Build.0 = Release|Any CPU
		{C0D77BD4-9443-4496-BF39-42B11C059172}.Debug|Any CPU.ActiveCfg = Debug|Any CPU
		{C0D77BD4-9443-4496-BF39-42B11C059172}.Debug|Any CPU.Build.0 = Debug|Any CPU
		{C0D77BD4-9443-4496-BF39-42B11C059172}.Release|Any CPU.ActiveCfg = Release|Any CPU
		{C0D77BD4-9443-4496-BF39-42B11C059172}.Release|Any CPU.Build.0 = Release|Any CPU
	EndGlobalSection
	GlobalSection(SolutionProperties) = preSolution
		HideSolutionNode = FALSE
	EndGlobalSection
EndGlobal
